// !$*UTF8*$!
{
	archiveVersion = 1;
	classes = {
	};
	objectVersion = 51;
	objects = {

/* Begin PBXBuildFile section */
		261471FDCE1C65A0B7588E07 /* Pods_InAppTutorial.framework in Frameworks */ = {isa = PBXBuildFile; fileRef = 9EA8769B2A71553C3284C0D5 /* Pods_InAppTutorial.framework */; };
		F35E789D25DC095000485A74 /* AppDelegate.swift in Sources */ = {isa = PBXBuildFile; fileRef = F35E789C25DC095000485A74 /* AppDelegate.swift */; };
		F35E789F25DC095000485A74 /* SceneDelegate.swift in Sources */ = {isa = PBXBuildFile; fileRef = F35E789E25DC095000485A74 /* SceneDelegate.swift */; };
		F35E78A125DC095000485A74 /* ViewController.swift in Sources */ = {isa = PBXBuildFile; fileRef = F35E78A025DC095000485A74 /* ViewController.swift */; };
		F35E78A425DC095000485A74 /* Main.storyboard in Resources */ = {isa = PBXBuildFile; fileRef = F35E78A225DC095000485A74 /* Main.storyboard */; };
		F35E78A625DC095000485A74 /* Assets.xcassets in Resources */ = {isa = PBXBuildFile; fileRef = F35E78A525DC095000485A74 /* Assets.xcassets */; };
		F35E78A925DC095000485A74 /* LaunchScreen.storyboard in Resources */ = {isa = PBXBuildFile; fileRef = F35E78A725DC095000485A74 /* LaunchScreen.storyboard */; };
		F377CD5625DD056300EBA068 /* Model.swift in Sources */ = {isa = PBXBuildFile; fileRef = F377CD5525DD056300EBA068 /* Model.swift */; };
		F8161BB025DD53CD00541B09 /* StoreKit.framework in Frameworks */ = {isa = PBXBuildFile; fileRef = F8161BAF25DD53CD00541B09 /* StoreKit.framework */; };
		F83AC4B825DE9F8000F25545 /* IAPService.swift in Sources */ = {isa = PBXBuildFile; fileRef = F83AC4B625DE9F8000F25545 /* IAPService.swift */; };
		F83AC4B925DE9F8000F25545 /* IAPProduct.swift in Sources */ = {isa = PBXBuildFile; fileRef = F83AC4B725DE9F8000F25545 /* IAPProduct.swift */; };
/* End PBXBuildFile section */

/* Begin PBXFileReference section */
		90A1D09F183A6CA036989E56 /* Pods-InAppTutorial.debug.xcconfig */ = {isa = PBXFileReference; includeInIndex = 1; lastKnownFileType = text.xcconfig; name = "Pods-InAppTutorial.debug.xcconfig"; path = "Target Support Files/Pods-InAppTutorial/Pods-InAppTutorial.debug.xcconfig"; sourceTree = "<group>"; };
		9EA8769B2A71553C3284C0D5 /* Pods_InAppTutorial.framework */ = {isa = PBXFileReference; explicitFileType = wrapper.framework; includeInIndex = 0; path = Pods_InAppTutorial.framework; sourceTree = BUILT_PRODUCTS_DIR; };
		DAB5011E02888F1D94CF828D /* Pods-InAppTutorial.release.xcconfig */ = {isa = PBXFileReference; includeInIndex = 1; lastKnownFileType = text.xcconfig; name = "Pods-InAppTutorial.release.xcconfig"; path = "Target Support Files/Pods-InAppTutorial/Pods-InAppTutorial.release.xcconfig"; sourceTree = "<group>"; };
		F35E789925DC095000485A74 /* InAppTutorial.app */ = {isa = PBXFileReference; explicitFileType = wrapper.application; includeInIndex = 0; path = InAppTutorial.app; sourceTree = BUILT_PRODUCTS_DIR; };
		F35E789C25DC095000485A74 /* AppDelegate.swift */ = {isa = PBXFileReference; lastKnownFileType = sourcecode.swift; path = AppDelegate.swift; sourceTree = "<group>"; };
		F35E789E25DC095000485A74 /* SceneDelegate.swift */ = {isa = PBXFileReference; lastKnownFileType = sourcecode.swift; path = SceneDelegate.swift; sourceTree = "<group>"; };
		F35E78A025DC095000485A74 /* ViewController.swift */ = {isa = PBXFileReference; lastKnownFileType = sourcecode.swift; path = ViewController.swift; sourceTree = "<group>"; };
		F35E78A525DC095000485A74 /* Assets.xcassets */ = {isa = PBXFileReference; lastKnownFileType = folder.assetcatalog; path = Assets.xcassets; sourceTree = "<group>"; };
		F35E78AA25DC095000485A74 /* Info.plist */ = {isa = PBXFileReference; lastKnownFileType = text.plist.xml; path = Info.plist; sourceTree = "<group>"; };
		F377CD5225DD037400EBA068 /* tr */ = {isa = PBXFileReference; lastKnownFileType = file.storyboard; name = tr; path = tr.lproj/Main.storyboard; sourceTree = "<group>"; };
		F377CD5325DD037400EBA068 /* tr */ = {isa = PBXFileReference; lastKnownFileType = file.storyboard; name = tr; path = tr.lproj/LaunchScreen.storyboard; sourceTree = "<group>"; };
		F377CD5525DD056300EBA068 /* Model.swift */ = {isa = PBXFileReference; lastKnownFileType = sourcecode.swift; path = Model.swift; sourceTree = "<group>"; };
		F8161BAF25DD53CD00541B09 /* StoreKit.framework */ = {isa = PBXFileReference; lastKnownFileType = wrapper.framework; name = StoreKit.framework; path = System/Library/Frameworks/StoreKit.framework; sourceTree = SDKROOT; };
		F83AC4B625DE9F8000F25545 /* IAPService.swift */ = {isa = PBXFileReference; fileEncoding = 4; lastKnownFileType = sourcecode.swift; path = IAPService.swift; sourceTree = "<group>"; };
		F83AC4B725DE9F8000F25545 /* IAPProduct.swift */ = {isa = PBXFileReference; fileEncoding = 4; lastKnownFileType = sourcecode.swift; path = IAPProduct.swift; sourceTree = "<group>"; };
/* End PBXFileReference section */

/* Begin PBXFrameworksBuildPhase section */
		F35E789625DC095000485A74 /* Frameworks */ = {
			isa = PBXFrameworksBuildPhase;
			buildActionMask = 2147483647;
			files = (
				261471FDCE1C65A0B7588E07 /* Pods_InAppTutorial.framework in Frameworks */,
				F8161BB025DD53CD00541B09 /* StoreKit.framework in Frameworks */,
			);
			runOnlyForDeploymentPostprocessing = 0;
		};
/* End PBXFrameworksBuildPhase section */

/* Begin PBXGroup section */
		C6994AB93AD276E0DC0BAE5B /* Pods */ = {
			isa = PBXGroup;
			children = (
				90A1D09F183A6CA036989E56 /* Pods-InAppTutorial.debug.xcconfig */,
				DAB5011E02888F1D94CF828D /* Pods-InAppTutorial.release.xcconfig */,
			);
			path = Pods;
			sourceTree = "<group>";
		};
		F35E789025DC095000485A74 = {
			isa = PBXGroup;
			children = (
				F35E789B25DC095000485A74 /* InAppTutorial */,
				F35E789A25DC095000485A74 /* Products */,
				C6994AB93AD276E0DC0BAE5B /* Pods */,
				FE5D1D4635092C5811F9064C /* Frameworks */,
			);
			sourceTree = "<group>";
		};
		F35E789A25DC095000485A74 /* Products */ = {
			isa = PBXGroup;
			children = (
				F35E789925DC095000485A74 /* InAppTutorial.app */,
			);
			name = Products;
			sourceTree = "<group>";
		};
		F35E789B25DC095000485A74 /* InAppTutorial */ = {
			isa = PBXGroup;
			children = (
				F35E789C25DC095000485A74 /* AppDelegate.swift */,
				F35E789E25DC095000485A74 /* SceneDelegate.swift */,
				F83AC4BD25DE9FBE00F25545 /* Model */,
				F83AC4BC25DE9FB000F25545 /* Controller */,
				F83AC4BB25DE9FA800F25545 /* Helpers */,
				F35E78A225DC095000485A74 /* Main.storyboard */,
				F35E78A525DC095000485A74 /* Assets.xcassets */,
				F35E78A725DC095000485A74 /* LaunchScreen.storyboard */,
				F35E78AA25DC095000485A74 /* Info.plist */,
			);
			path = InAppTutorial;
			sourceTree = "<group>";
		};
		F83AC4BB25DE9FA800F25545 /* Helpers */ = {
			isa = PBXGroup;
			children = (
				F83AC4B725DE9F8000F25545 /* IAPProduct.swift */,
				F83AC4B625DE9F8000F25545 /* IAPService.swift */,
			);
			path = Helpers;
			sourceTree = "<group>";
		};
		F83AC4BC25DE9FB000F25545 /* Controller */ = {
			isa = PBXGroup;
			children = (
				F35E78A025DC095000485A74 /* ViewController.swift */,
			);
			path = Controller;
			sourceTree = "<group>";
		};
		F83AC4BD25DE9FBE00F25545 /* Model */ = {
			isa = PBXGroup;
			children = (
				F377CD5525DD056300EBA068 /* Model.swift */,
			);
			path = Model;
			sourceTree = "<group>";
		};
		FE5D1D4635092C5811F9064C /* Frameworks */ = {
			isa = PBXGroup;
			children = (
				F8161BAF25DD53CD00541B09 /* StoreKit.framework */,
				9EA8769B2A71553C3284C0D5 /* Pods_InAppTutorial.framework */,
			);
			name = Frameworks;
			sourceTree = "<group>";
		};
/* End PBXGroup section */

/* Begin PBXNativeTarget section */
		F35E789825DC095000485A74 /* InAppTutorial */ = {
			isa = PBXNativeTarget;
			buildConfigurationList = F35E78AD25DC095000485A74 /* Build configuration list for PBXNativeTarget "InAppTutorial" */;
			buildPhases = (
				47A9733A9B69945DEDB66FF9 /* [CP] Check Pods Manifest.lock */,
				F35E789525DC095000485A74 /* Sources */,
				F35E789625DC095000485A74 /* Frameworks */,
				F35E789725DC095000485A74 /* Resources */,
				AE07E04CB3E06BA3ABF64CEC /* [CP] Embed Pods Frameworks */,
			);
			buildRules = (
			);
			dependencies = (
			);
			name = InAppTutorial;
			productName = InAppTutorial;
			productReference = F35E789925DC095000485A74 /* InAppTutorial.app */;
			productType = "com.apple.product-type.application";
		};
/* End PBXNativeTarget section */

/* Begin PBXProject section */
		F35E789125DC095000485A74 /* Project object */ = {
			isa = PBXProject;
			attributes = {
				LastSwiftUpdateCheck = 1240;
				LastUpgradeCheck = 1240;
				TargetAttributes = {
					F35E789825DC095000485A74 = {
						CreatedOnToolsVersion = 12.4;
					};
				};
			};
			buildConfigurationList = F35E789425DC095000485A74 /* Build configuration list for PBXProject "InAppTutorial" */;
			compatibilityVersion = "Xcode 9.3";
			developmentRegion = Turkish;
			hasScannedForEncodings = 0;
			knownRegions = (
				Turkish,
				tr,
			);
			mainGroup = F35E789025DC095000485A74;
			productRefGroup = F35E789A25DC095000485A74 /* Products */;
			projectDirPath = "";
			projectRoot = "";
			targets = (
				F35E789825DC095000485A74 /* InAppTutorial */,
			);
		};
/* End PBXProject section */

/* Begin PBXResourcesBuildPhase section */
		F35E789725DC095000485A74 /* Resources */ = {
			isa = PBXResourcesBuildPhase;
			buildActionMask = 2147483647;
			files = (
				F35E78A925DC095000485A74 /* LaunchScreen.storyboard in Resources */,
				F35E78A625DC095000485A74 /* Assets.xcassets in Resources */,
				F35E78A425DC095000485A74 /* Main.storyboard in Resources */,
			);
			runOnlyForDeploymentPostprocessing = 0;
		};
/* End PBXResourcesBuildPhase section */

/* Begin PBXShellScriptBuildPhase section */
		47A9733A9B69945DEDB66FF9 /* [CP] Check Pods Manifest.lock */ = {
			isa = PBXShellScriptBuildPhase;
			buildActionMask = 2147483647;
			files = (
			);
			inputFileListPaths = (
			);
			inputPaths = (
				"${PODS_PODFILE_DIR_PATH}/Podfile.lock",
				"${PODS_ROOT}/Manifest.lock",
			);
			name = "[CP] Check Pods Manifest.lock";
			outputFileListPaths = (
			);
			outputPaths = (
				"$(DERIVED_FILE_DIR)/Pods-InAppTutorial-checkManifestLockResult.txt",
			);
			runOnlyForDeploymentPostprocessing = 0;
			shellPath = /bin/sh;
			shellScript = "diff \"${PODS_PODFILE_DIR_PATH}/Podfile.lock\" \"${PODS_ROOT}/Manifest.lock\" > /dev/null\nif [ $? != 0 ] ; then\n    # print error to STDERR\n    echo \"error: The sandbox is not in sync with the Podfile.lock. Run 'pod install' or update your CocoaPods installation.\" >&2\n    exit 1\nfi\n# This output is used by Xcode 'outputs' to avoid re-running this script phase.\necho \"SUCCESS\" > \"${SCRIPT_OUTPUT_FILE_0}\"\n";
			showEnvVarsInLog = 0;
		};
		AE07E04CB3E06BA3ABF64CEC /* [CP] Embed Pods Frameworks */ = {
			isa = PBXShellScriptBuildPhase;
			buildActionMask = 2147483647;
			files = (
			);
			inputFileListPaths = (
				"${PODS_ROOT}/Target Support Files/Pods-InAppTutorial/Pods-InAppTutorial-frameworks-${CONFIGURATION}-input-files.xcfilelist",
			);
			name = "[CP] Embed Pods Frameworks";
			outputFileListPaths = (
				"${PODS_ROOT}/Target Support Files/Pods-InAppTutorial/Pods-InAppTutorial-frameworks-${CONFIGURATION}-output-files.xcfilelist",
			);
			runOnlyForDeploymentPostprocessing = 0;
			shellPath = /bin/sh;
			shellScript = "\"${PODS_ROOT}/Target Support Files/Pods-InAppTutorial/Pods-InAppTutorial-frameworks.sh\"\n";
			showEnvVarsInLog = 0;
		};
/* End PBXShellScriptBuildPhase section */

/* Begin PBXSourcesBuildPhase section */
		F35E789525DC095000485A74 /* Sources */ = {
			isa = PBXSourcesBuildPhase;
			buildActionMask = 2147483647;
			files = (
				F83AC4B925DE9F8000F25545 /* IAPProduct.swift in Sources */,
				F35E78A125DC095000485A74 /* ViewController.swift in Sources */,
				F83AC4B825DE9F8000F25545 /* IAPService.swift in Sources */,
				F35E789D25DC095000485A74 /* AppDelegate.swift in Sources */,
				F35E789F25DC095000485A74 /* SceneDelegate.swift in Sources */,
				F377CD5625DD056300EBA068 /* Model.swift in Sources */,
			);
			runOnlyForDeploymentPostprocessing = 0;
		};
/* End PBXSourcesBuildPhase section */

/* Begin PBXVariantGroup section */
		F35E78A225DC095000485A74 /* Main.storyboard */ = {
			isa = PBXVariantGroup;
			children = (
				F377CD5225DD037400EBA068 /* tr */,
			);
			name = Main.storyboard;
			sourceTree = "<group>";
		};
		F35E78A725DC095000485A74 /* LaunchScreen.storyboard */ = {
			isa = PBXVariantGroup;
			children = (
				F377CD5325DD037400EBA068 /* tr */,
			);
			name = LaunchScreen.storyboard;
			sourceTree = "<group>";
		};
/* End PBXVariantGroup section */

/* Begin XCBuildConfiguration section */
		F35E78AB25DC095000485A74 /* Debug */ = {
			isa = XCBuildConfiguration;
			buildSettings = {
				ALWAYS_SEARCH_USER_PATHS = NO;
				CLANG_ANALYZER_NONNULL = YES;
				CLANG_ANALYZER_NUMBER_OBJECT_CONVERSION = YES_AGGRESSIVE;
				CLANG_CXX_LANGUAGE_STANDARD = "gnu++14";
				CLANG_CXX_LIBRARY = "libc++";
				CLANG_ENABLE_MODULES = YES;
				CLANG_ENABLE_OBJC_ARC = YES;
				CLANG_ENABLE_OBJC_WEAK = YES;
				CLANG_WARN_BLOCK_CAPTURE_AUTORELEASING = YES;
				CLANG_WARN_BOOL_CONVERSION = YES;
				CLANG_WARN_COMMA = YES;
				CLANG_WARN_CONSTANT_CONVERSION = YES;
				CLANG_WARN_DEPRECATED_OBJC_IMPLEMENTATIONS = YES;
				CLANG_WARN_DIRECT_OBJC_ISA_USAGE = YES_ERROR;
				CLANG_WARN_DOCUMENTATION_COMMENTS = YES;
				CLANG_WARN_EMPTY_BODY = YES;
				CLANG_WARN_ENUM_CONVERSION = YES;
				CLANG_WARN_INFINITE_RECURSION = YES;
				CLANG_WARN_INT_CONVERSION = YES;
				CLANG_WARN_NON_LITERAL_NULL_CONVERSION = YES;
				CLANG_WARN_OBJC_IMPLICIT_RETAIN_SELF = YES;
				CLANG_WARN_OBJC_LITERAL_CONVERSION = YES;
				CLANG_WARN_OBJC_ROOT_CLASS = YES_ERROR;
				CLANG_WARN_QUOTED_INCLUDE_IN_FRAMEWORK_HEADER = YES;
				CLANG_WARN_RANGE_LOOP_ANALYSIS = YES;
				CLANG_WARN_STRICT_PROTOTYPES = YES;
				CLANG_WARN_SUSPICIOUS_MOVE = YES;
				CLANG_WARN_UNGUARDED_AVAILABILITY = YES_AGGRESSIVE;
				CLANG_WARN_UNREACHABLE_CODE = YES;
				CLANG_WARN__DUPLICATE_METHOD_MATCH = YES;
				COPY_PHASE_STRIP = NO;
				DEBUG_INFORMATION_FORMAT = dwarf;
				ENABLE_STRICT_OBJC_MSGSEND = YES;
				ENABLE_TESTABILITY = YES;
				GCC_C_LANGUAGE_STANDARD = gnu11;
				GCC_DYNAMIC_NO_PIC = NO;
				GCC_NO_COMMON_BLOCKS = YES;
				GCC_OPTIMIZATION_LEVEL = 0;
				GCC_PREPROCESSOR_DEFINITIONS = (
					"DEBUG=1",
					"$(inherited)",
				);
				GCC_WARN_64_TO_32_BIT_CONVERSION = YES;
				GCC_WARN_ABOUT_RETURN_TYPE = YES_ERROR;
				GCC_WARN_UNDECLARED_SELECTOR = YES;
				GCC_WARN_UNINITIALIZED_AUTOS = YES_AGGRESSIVE;
				GCC_WARN_UNUSED_FUNCTION = YES;
				GCC_WARN_UNUSED_VARIABLE = YES;
				IPHONEOS_DEPLOYMENT_TARGET = 13.0;
				MTL_ENABLE_DEBUG_INFO = INCLUDE_SOURCE;
				MTL_FAST_MATH = YES;
				ONLY_ACTIVE_ARCH = YES;
				SDKROOT = iphoneos;
				SWIFT_ACTIVE_COMPILATION_CONDITIONS = DEBUG;
				SWIFT_OPTIMIZATION_LEVEL = "-Onone";
			};
			name = Debug;
		};
		F35E78AC25DC095000485A74 /* Release */ = {
			isa = XCBuildConfiguration;
			buildSettings = {
				ALWAYS_SEARCH_USER_PATHS = NO;
				CLANG_ANALYZER_NONNULL = YES;
				CLANG_ANALYZER_NUMBER_OBJECT_CONVERSION = YES_AGGRESSIVE;
				CLANG_CXX_LANGUAGE_STANDARD = "gnu++14";
				CLANG_CXX_LIBRARY = "libc++";
				CLANG_ENABLE_MODULES = YES;
				CLANG_ENABLE_OBJC_ARC = YES;
				CLANG_ENABLE_OBJC_WEAK = YES;
				CLANG_WARN_BLOCK_CAPTURE_AUTORELEASING = YES;
				CLANG_WARN_BOOL_CONVERSION = YES;
				CLANG_WARN_COMMA = YES;
				CLANG_WARN_CONSTANT_CONVERSION = YES;
				CLANG_WARN_DEPRECATED_OBJC_IMPLEMENTATIONS = YES;
				CLANG_WARN_DIRECT_OBJC_ISA_USAGE = YES_ERROR;
				CLANG_WARN_DOCUMENTATION_COMMENTS = YES;
				CLANG_WARN_EMPTY_BODY = YES;
				CLANG_WARN_ENUM_CONVERSION = YES;
				CLANG_WARN_INFINITE_RECURSION = YES;
				CLANG_WARN_INT_CONVERSION = YES;
				CLANG_WARN_NON_LITERAL_NULL_CONVERSION = YES;
				CLANG_WARN_OBJC_IMPLICIT_RETAIN_SELF = YES;
				CLANG_WARN_OBJC_LITERAL_CONVERSION = YES;
				CLANG_WARN_OBJC_ROOT_CLASS = YES_ERROR;
				CLANG_WARN_QUOTED_INCLUDE_IN_FRAMEWORK_HEADER = YES;
				CLANG_WARN_RANGE_LOOP_ANALYSIS = YES;
				CLANG_WARN_STRICT_PROTOTYPES = YES;
				CLANG_WARN_SUSPICIOUS_MOVE = YES;
				CLANG_WARN_UNGUARDED_AVAILABILITY = YES_AGGRESSIVE;
				CLANG_WARN_UNREACHABLE_CODE = YES;
				CLANG_WARN__DUPLICATE_METHOD_MATCH = YES;
				COPY_PHASE_STRIP = NO;
				DEBUG_INFORMATION_FORMAT = "dwarf-with-dsym";
				ENABLE_NS_ASSERTIONS = NO;
				ENABLE_STRICT_OBJC_MSGSEND = YES;
				GCC_C_LANGUAGE_STANDARD = gnu11;
				GCC_NO_COMMON_BLOCKS = YES;
				GCC_WARN_64_TO_32_BIT_CONVERSION = YES;
				GCC_WARN_ABOUT_RETURN_TYPE = YES_ERROR;
				GCC_WARN_UNDECLARED_SELECTOR = YES;
				GCC_WARN_UNINITIALIZED_AUTOS = YES_AGGRESSIVE;
				GCC_WARN_UNUSED_FUNCTION = YES;
				GCC_WARN_UNUSED_VARIABLE = YES;
				IPHONEOS_DEPLOYMENT_TARGET = 13.0;
				MTL_ENABLE_DEBUG_INFO = NO;
				MTL_FAST_MATH = YES;
				SDKROOT = iphoneos;
				SWIFT_COMPILATION_MODE = wholemodule;
				SWIFT_OPTIMIZATION_LEVEL = "-O";
				VALIDATE_PRODUCT = YES;
			};
			name = Release;
		};
		F35E78AE25DC095000485A74 /* Debug */ = {
			isa = XCBuildConfiguration;
			baseConfigurationReference = 90A1D09F183A6CA036989E56 /* Pods-InAppTutorial.debug.xcconfig */;
			buildSettings = {
				ASSETCATALOG_COMPILER_APPICON_NAME = AppIcon;
				ASSETCATALOG_COMPILER_GLOBAL_ACCENT_COLOR_NAME = AccentColor;
				CODE_SIGN_IDENTITY = "Apple Development";
				CODE_SIGN_STYLE = Automatic;
				CURRENT_PROJECT_VERSION = 5;
				DEVELOPMENT_TEAM = 2584UNKWXQ;
				INFOPLIST_FILE = InAppTutorial/Info.plist;
				IPHONEOS_DEPLOYMENT_TARGET = 13.0;
				LD_RUNPATH_SEARCH_PATHS = (
					"$(inherited)",
					"@executable_path/Frameworks",
				);
				PRODUCT_BUNDLE_IDENTIFIER = com.serkanapp.InAppPurchase;
				PRODUCT_NAME = "$(TARGET_NAME)";
				PROVISIONING_PROFILE_SPECIFIER = "";
				SWIFT_VERSION = 5.0;
				TARGETED_DEVICE_FAMILY = 1;
			};
			name = Debug;
		};
		F35E78AF25DC095000485A74 /* Release */ = {
			isa = XCBuildConfiguration;
			baseConfigurationReference = DAB5011E02888F1D94CF828D /* Pods-InAppTutorial.release.xcconfig */;
			buildSettings = {
				ASSETCATALOG_COMPILER_APPICON_NAME = AppIcon;
				ASSETCATALOG_COMPILER_GLOBAL_ACCENT_COLOR_NAME = AccentColor;
				CODE_SIGN_IDENTITY = "Apple Development";
				CODE_SIGN_STYLE = Automatic;
				CURRENT_PROJECT_VERSION = 5;
				DEVELOPMENT_TEAM = 2584UNKWXQ;
				INFOPLIST_FILE = InAppTutorial/Info.plist;
				IPHONEOS_DEPLOYMENT_TARGET = 13.0;
				LD_RUNPATH_SEARCH_PATHS = (
					"$(inherited)",
					"@executable_path/Frameworks",
				);
				PRODUCT_BUNDLE_IDENTIFIER = com.serkanapp.InAppPurchase;
				PRODUCT_NAME = "$(TARGET_NAME)";
				PROVISIONING_PROFILE_SPECIFIER = "";
				SWIFT_VERSION = 5.0;
				TARGETED_DEVICE_FAMILY = 1;
			};
			name = Release;
		};
/* End XCBuildConfiguration section */

/* Begin XCConfigurationList section */
		F35E789425DC095000485A74 /* Build configuration list for PBXProject "InAppTutorial" */ = {
			isa = XCConfigurationList;
			buildConfigurations = (
				F35E78AB25DC095000485A74 /* Debug */,
				F35E78AC25DC095000485A74 /* Release */,
			);
			defaultConfigurationIsVisible = 0;
			defaultConfigurationName = Release;
		};
		F35E78AD25DC095000485A74 /* Build configuration list for PBXNativeTarget "InAppTutorial" */ = {
			isa = XCConfigurationList;
			buildConfigurations = (
				F35E78AE25DC095000485A74 /* Debug */,
				F35E78AF25DC095000485A74 /* Release */,
			);
			defaultConfigurationIsVisible = 0;
			defaultConfigurationName = Release;
		};
/* End XCConfigurationList section */
	};
	rootObject = F35E789125DC095000485A74 /* Project object */;
}
